
Microsoft Visual Studio Solution File, Format Version 12.00
# Visual Studio Version 17
VisualStudioVersion = 17.3.32804.467
MinimumVisualStudioVersion = 10.0.40219.1
Project("{FAE04EC0-301F-11D3-BF4B-00C04F79EFBC}") = "PluginManager", "PluginManager\PluginManager.csproj", "{DA445C25-261D-4BDD-8936-1B178E7CCE08}"
EndProject
Project("{FAE04EC0-301F-11D3-BF4B-00C04F79EFBC}") = "PluginManagerTests", "PluginManagerTests\PluginManagerTests.csproj", "{0B8D0884-EA6E-43E6-B5D8-8C89BF80F558}"
EndProject
Project("{2150E333-8FDC-42A3-9474-1A3956D46DE8}") = "Testing", "Testing", "{BD63B480-EAC6-41C2-9712-0B30F5790E0B}"
EndProject
Global
	GlobalSection(SolutionConfigurationPlatforms) = preSolution
		Debug|Any CPU = Debug|Any CPU
		Release|Any CPU = Release|Any CPU
	EndGlobalSection
	GlobalSection(ProjectConfigurationPlatforms) = postSolution
		{DA445C25-261D-4BDD-8936-1B178E7CCE08}.Debug|Any CPU.ActiveCfg = Debug|Any CPU
		{DA445C25-261D-4BDD-8936-1B178E7CCE08}.Debug|Any CPU.Build.0 = Debug|Any CPU
		{DA445C25-261D-4BDD-8936-1B178E7CCE08}.Release|Any CPU.ActiveCfg = Release|Any CPU
		{DA445C25-261D-4BDD-8936-1B178E7CCE08}.Release|Any CPU.Build.0 = Release|Any CPU
		{0B8D0884-EA6E-43E6-B5D8-8C89BF80F558}.Debug|Any CPU.ActiveCfg = Debug|Any CPU
		{0B8D0884-EA6E-43E6-B5D8-8C89BF80F558}.Debug|Any CPU.Build.0 = Debug|Any CPU
		{0B8D0884-EA6E-43E6-B5D8-8C89BF80F558}.Release|Any CPU.ActiveCfg = Release|Any CPU
		{0B8D0884-EA6E-43E6-B5D8-8C89BF80F558}.Release|Any CPU.Build.0 = Release|Any CPU
	EndGlobalSection
	GlobalSection(SolutionProperties) = preSolution
		HideSolutionNode = FALSE
	EndGlobalSection
	GlobalSection(NestedProjects) = preSolution
		{0B8D0884-EA6E-43E6-B5D8-8C89BF80F558} = {BD63B480-EAC6-41C2-9712-0B30F5790E0B}
	EndGlobalSection
	GlobalSection(ExtensibilityGlobals) = postSolution
		SolutionGuid = {30A13574-E0A7-4283-A59E-3E173E1BF0D4}
	EndGlobalSection
EndGlobal
